
Microsoft Visual Studio Solution File, Format Version 12.00
# Visual Studio Version 16
VisualStudioVersion = 16.0.29123.88
MinimumVisualStudioVersion = 10.0.40219.1
Project("{2150E333-8FDC-42A3-9474-1A3956D46DE8}") = "1 - Presentation Layer", "1 - Presentation Layer", "{B9EA5614-C68F-4021-8845-F41E2C26E328}"
EndProject
Project("{2150E333-8FDC-42A3-9474-1A3956D46DE8}") = "3 - Domain Layer", "3 - Domain Layer", "{C17022C0-B168-473E-9528-D3E252751D5D}"
EndProject
Project("{2150E333-8FDC-42A3-9474-1A3956D46DE8}") = "4 - Data Layer", "4 - Data Layer", "{46644AB0-325E-4767-BF6A-5D204B508E4E}"
EndProject
Project("{2150E333-8FDC-42A3-9474-1A3956D46DE8}") = "5 - Test Layer", "5 - Test Layer", "{0DECBA31-B0EC-4CBA-AB35-8BB54075C2AD}"
EndProject
Project("{9A19103F-16F7-4668-BE54-9A1E7A4F7556}") = "AlterLeague.WebAPI", "AlterLeague.WebAPI\AlterLeague.WebAPI.csproj", "{8AAEC5A8-8BA8-46E8-B8C7-59E653AFDAFB}"
	ProjectSection(ProjectDependencies) = postProject
		{8B50AC0C-7C77-42CF-84C1-672579347EC2} = {8B50AC0C-7C77-42CF-84C1-672579347EC2}
		{1C32E12E-E5F7-4FB5-B847-71C19AE4905A} = {1C32E12E-E5F7-4FB5-B847-71C19AE4905A}
		{1BA4CE4D-5EA7-40B0-AA3E-E7D42161EC18} = {1BA4CE4D-5EA7-40B0-AA3E-E7D42161EC18}
		{F642B559-6303-4F85-A8A8-755380EB5411} = {F642B559-6303-4F85-A8A8-755380EB5411}
		{5CE23469-F334-4591-A39A-E48F2A7DCD14} = {5CE23469-F334-4591-A39A-E48F2A7DCD14}
		{51EE4074-AF3B-441F-82D7-8D9DDF6B1A84} = {51EE4074-AF3B-441F-82D7-8D9DDF6B1A84}
	EndProjectSection
EndProject
Project("{FAE04EC0-301F-11D3-BF4B-00C04F79EFBC}") = "AlterLeague.Domain.Model", "AlterLeague.Domain.Model\AlterLeague.Domain.Model.csproj", "{1C32E12E-E5F7-4FB5-B847-71C19AE4905A}"
EndProject
Project("{FAE04EC0-301F-11D3-BF4B-00C04F79EFBC}") = "AlterLeague.Domain.Logic", "AlterLeague.Domain.Logic\AlterLeague.Domain.Logic.csproj", "{5CE23469-F334-4591-A39A-E48F2A7DCD14}"
EndProject
Project("{FAE04EC0-301F-11D3-BF4B-00C04F79EFBC}") = "AlterLeague.Domain.ILogic", "AlterLeague.Domain.ILogic\AlterLeague.Domain.ILogic.csproj", "{51EE4074-AF3B-441F-82D7-8D9DDF6B1A84}"
EndProject
Project("{FAE04EC0-301F-11D3-BF4B-00C04F79EFBC}") = "AlterLeague.Data.EF", "AlterLeague.Data.EF\AlterLeague.Data.EF.csproj", "{F642B559-6303-4F85-A8A8-755380EB5411}"
EndProject
Project("{FAE04EC0-301F-11D3-BF4B-00C04F79EFBC}") = "AlterLeague.Data.DAL", "AlterLeague.Data.DAL\AlterLeague.Data.DAL.csproj", "{8B50AC0C-7C77-42CF-84C1-672579347EC2}"
EndProject
Project("{FAE04EC0-301F-11D3-BF4B-00C04F79EFBC}") = "AlterLeague.Data.IDAL", "AlterLeague.Data.IDAL\AlterLeague.Data.IDAL.csproj", "{1BA4CE4D-5EA7-40B0-AA3E-E7D42161EC18}"
EndProject
Project("{2150E333-8FDC-42A3-9474-1A3956D46DE8}") = "2 - Service Layer", "2 - Service Layer", "{213030DC-6346-4B64-9344-F72334EE22C5}"
EndProject
Global
	GlobalSection(SolutionConfigurationPlatforms) = preSolution
		Debug|Any CPU = Debug|Any CPU
		Release|Any CPU = Release|Any CPU
	EndGlobalSection
	GlobalSection(ProjectConfigurationPlatforms) = postSolution
		{8AAEC5A8-8BA8-46E8-B8C7-59E653AFDAFB}.Debug|Any CPU.ActiveCfg = Debug|Any CPU
		{8AAEC5A8-8BA8-46E8-B8C7-59E653AFDAFB}.Debug|Any CPU.Build.0 = Debug|Any CPU
		{8AAEC5A8-8BA8-46E8-B8C7-59E653AFDAFB}.Release|Any CPU.ActiveCfg = Release|Any CPU
		{8AAEC5A8-8BA8-46E8-B8C7-59E653AFDAFB}.Release|Any CPU.Build.0 = Release|Any CPU
		{1C32E12E-E5F7-4FB5-B847-71C19AE4905A}.Debug|Any CPU.ActiveCfg = Debug|Any CPU
		{1C32E12E-E5F7-4FB5-B847-71C19AE4905A}.Debug|Any CPU.Build.0 = Debug|Any CPU
		{1C32E12E-E5F7-4FB5-B847-71C19AE4905A}.Release|Any CPU.ActiveCfg = Release|Any CPU
		{1C32E12E-E5F7-4FB5-B847-71C19AE4905A}.Release|Any CPU.Build.0 = Release|Any CPU
		{5CE23469-F334-4591-A39A-E48F2A7DCD14}.Debug|Any CPU.ActiveCfg = Debug|Any CPU
		{5CE23469-F334-4591-A39A-E48F2A7DCD14}.Debug|Any CPU.Build.0 = Debug|Any CPU
		{5CE23469-F334-4591-A39A-E48F2A7DCD14}.Release|Any CPU.ActiveCfg = Release|Any CPU
		{5CE23469-F334-4591-A39A-E48F2A7DCD14}.Release|Any CPU.Build.0 = Release|Any CPU
		{51EE4074-AF3B-441F-82D7-8D9DDF6B1A84}.Debug|Any CPU.ActiveCfg = Debug|Any CPU
		{51EE4074-AF3B-441F-82D7-8D9DDF6B1A84}.Debug|Any CPU.Build.0 = Debug|Any CPU
		{51EE4074-AF3B-441F-82D7-8D9DDF6B1A84}.Release|Any CPU.ActiveCfg = Release|Any CPU
		{51EE4074-AF3B-441F-82D7-8D9DDF6B1A84}.Release|Any CPU.Build.0 = Release|Any CPU
		{F642B559-6303-4F85-A8A8-755380EB5411}.Debug|Any CPU.ActiveCfg = Debug|Any CPU
		{F642B559-6303-4F85-A8A8-755380EB5411}.Debug|Any CPU.Build.0 = Debug|Any CPU
		{F642B559-6303-4F85-A8A8-755380EB5411}.Release|Any CPU.ActiveCfg = Release|Any CPU
		{F642B559-6303-4F85-A8A8-755380EB5411}.Release|Any CPU.Build.0 = Release|Any CPU
		{8B50AC0C-7C77-42CF-84C1-672579347EC2}.Debug|Any CPU.ActiveCfg = Debug|Any CPU
		{8B50AC0C-7C77-42CF-84C1-672579347EC2}.Debug|Any CPU.Build.0 = Debug|Any CPU
		{8B50AC0C-7C77-42CF-84C1-672579347EC2}.Release|Any CPU.ActiveCfg = Release|Any CPU
		{8B50AC0C-7C77-42CF-84C1-672579347EC2}.Release|Any CPU.Build.0 = Release|Any CPU
		{1BA4CE4D-5EA7-40B0-AA3E-E7D42161EC18}.Debug|Any CPU.ActiveCfg = Debug|Any CPU
		{1BA4CE4D-5EA7-40B0-AA3E-E7D42161EC18}.Debug|Any CPU.Build.0 = Debug|Any CPU
		{1BA4CE4D-5EA7-40B0-AA3E-E7D42161EC18}.Release|Any CPU.ActiveCfg = Release|Any CPU
		{1BA4CE4D-5EA7-40B0-AA3E-E7D42161EC18}.Release|Any CPU.Build.0 = Release|Any CPU
	EndGlobalSection
	GlobalSection(SolutionProperties) = preSolution
		HideSolutionNode = FALSE
	EndGlobalSection
	GlobalSection(NestedProjects) = preSolution
		{8AAEC5A8-8BA8-46E8-B8C7-59E653AFDAFB} = {B9EA5614-C68F-4021-8845-F41E2C26E328}
		{1C32E12E-E5F7-4FB5-B847-71C19AE4905A} = {C17022C0-B168-473E-9528-D3E252751D5D}
		{5CE23469-F334-4591-A39A-E48F2A7DCD14} = {C17022C0-B168-473E-9528-D3E252751D5D}
		{51EE4074-AF3B-441F-82D7-8D9DDF6B1A84} = {C17022C0-B168-473E-9528-D3E252751D5D}
		{F642B559-6303-4F85-A8A8-755380EB5411} = {46644AB0-325E-4767-BF6A-5D204B508E4E}
		{8B50AC0C-7C77-42CF-84C1-672579347EC2} = {46644AB0-325E-4767-BF6A-5D204B508E4E}
		{1BA4CE4D-5EA7-40B0-AA3E-E7D42161EC18} = {46644AB0-325E-4767-BF6A-5D204B508E4E}
	EndGlobalSection
	GlobalSection(ExtensibilityGlobals) = postSolution
		SolutionGuid = {ED7CEA66-CF1C-4040-BFAB-957C38C72114}
	EndGlobalSection
EndGlobal
